
Microsoft Visual Studio Solution File, Format Version 12.00
# Visual Studio 2012
Project("{FAE04EC0-301F-11D3-BF4B-00C04F79EFBC}") = "DdAssignmentEx1", "DdAssignmentEx1\DdAssignmentEx1.csproj", "{5539B0F4-6228-45D3-8CE1-A50B333E7715}"
EndProject
Project("{FAE04EC0-301F-11D3-BF4B-00C04F79EFBC}") = "gv91Recods", "gv91Recods\gv91Recods.csproj", "{EBC67C45-98E2-42C9-8507-F4D2BEA09E4A}"
EndProject
Project("{FAE04EC0-301F-11D3-BF4B-00C04F79EFBC}") = "asg5AutoGenerated", "asg5AutoGenerated\asg5AutoGenerated.csproj", "{103054D7-6A02-490F-98FC-A9E63643FDCF}"
EndProject
Project("{FAE04EC0-301F-11D3-BF4B-00C04F79EFBC}") = "cascadingDropDowns", "cascadingDropDowns\cascadingDropDowns.csproj", "{B0E01F76-5AD2-4CA3-B7EB-E32B2F14AE75}"
EndProject
Project("{FAE04EC0-301F-11D3-BF4B-00C04F79EFBC}") = "registrationForm", "registrationForm\registrationForm.csproj", "{1F9417B7-D911-4C2D-B293-4C75305030E3}"
EndProject
Global
	GlobalSection(SolutionConfigurationPlatforms) = preSolution
		Debug|Any CPU = Debug|Any CPU
		Release|Any CPU = Release|Any CPU
	EndGlobalSection
	GlobalSection(ProjectConfigurationPlatforms) = postSolution
		{5539B0F4-6228-45D3-8CE1-A50B333E7715}.Debug|Any CPU.ActiveCfg = Debug|Any CPU
		{5539B0F4-6228-45D3-8CE1-A50B333E7715}.Debug|Any CPU.Build.0 = Debug|Any CPU
		{5539B0F4-6228-45D3-8CE1-A50B333E7715}.Release|Any CPU.ActiveCfg = Release|Any CPU
		{5539B0F4-6228-45D3-8CE1-A50B333E7715}.Release|Any CPU.Build.0 = Release|Any CPU
		{EBC67C45-98E2-42C9-8507-F4D2BEA09E4A}.Debug|Any CPU.ActiveCfg = Debug|Any CPU
		{EBC67C45-98E2-42C9-8507-F4D2BEA09E4A}.Debug|Any CPU.Build.0 = Debug|Any CPU
		{EBC67C45-98E2-42C9-8507-F4D2BEA09E4A}.Release|Any CPU.ActiveCfg = Release|Any CPU
		{EBC67C45-98E2-42C9-8507-F4D2BEA09E4A}.Release|Any CPU.Build.0 = Release|Any CPU
		{103054D7-6A02-490F-98FC-A9E63643FDCF}.Debug|Any CPU.ActiveCfg = Debug|Any CPU
		{103054D7-6A02-490F-98FC-A9E63643FDCF}.Debug|Any CPU.Build.0 = Debug|Any CPU
		{103054D7-6A02-490F-98FC-A9E63643FDCF}.Release|Any CPU.ActiveCfg = Release|Any CPU
		{103054D7-6A02-490F-98FC-A9E63643FDCF}.Release|Any CPU.Build.0 = Release|Any CPU
		{B0E01F76-5AD2-4CA3-B7EB-E32B2F14AE75}.Debug|Any CPU.ActiveCfg = Debug|Any CPU
		{B0E01F76-5AD2-4CA3-B7EB-E32B2F14AE75}.Debug|Any CPU.Build.0 = Debug|Any CPU
		{B0E01F76-5AD2-4CA3-B7EB-E32B2F14AE75}.Release|Any CPU.ActiveCfg = Release|Any CPU
		{B0E01F76-5AD2-4CA3-B7EB-E32B2F14AE75}.Release|Any CPU.Build.0 = Release|Any CPU
		{1F9417B7-D911-4C2D-B293-4C75305030E3}.Debug|Any CPU.ActiveCfg = Debug|Any CPU
		{1F9417B7-D911-4C2D-B293-4C75305030E3}.Debug|Any CPU.Build.0 = Debug|Any CPU
		{1F9417B7-D911-4C2D-B293-4C75305030E3}.Release|Any CPU.ActiveCfg = Release|Any CPU
		{1F9417B7-D911-4C2D-B293-4C75305030E3}.Release|Any CPU.Build.0 = Release|Any CPU
	EndGlobalSection
	GlobalSection(SolutionProperties) = preSolution
		HideSolutionNode = FALSE
	EndGlobalSection
EndGlobal
